<?xml version="1.0" encoding="utf-8"?>
<Project ToolsVersion="16.0" xmlns="http://schemas.microsoft.com/developer/msbuild/2003">
  <ItemGroup>
    <ClCompile Include="E:\DATA\SRC\saba\example\simple_mmd_viewer_dx11.cpp">
      <Filter>Source Files</Filter>
    </ClCompile>
  </ItemGroup>
  <ItemGroup>
    <CustomBuild Include="E:\DATA\SRC\saba\example\CMakeLists.txt" />
  </ItemGroup>
  <ItemGroup>
    <Filter Include="Source Files">
      <UniqueIdentifier>{BE5E5BC3-1565-36D6-A5DF-B07366587F9B}</UniqueIdentifier>
    </Filter>
  </ItemGroup>
</Project>
