<?xml version="1.0" encoding="utf-8"?>
<Project ToolsVersion="16.0" xmlns="http://schemas.microsoft.com/developer/msbuild/2003">
  <ItemGroup>
    <ClCompile Include="E:\DATA\SRC\saba\gtests\external\googletest\src\gtest-all.cc">
      <Filter>Source Files</Filter>
    </ClCompile>
    <ClCompile Include="E:\DATA\SRC\saba\gtests\Base.File.test.cpp">
      <Filter>Source Files</Filter>
    </ClCompile>
    <ClCompile Include="E:\DATA\SRC\saba\gtests\Base.Log.test.cpp">
      <Filter>Source Files</Filter>
    </ClCompile>
    <ClCompile Include="E:\DATA\SRC\saba\gtests\Base.Path.test.cpp">
      <Filter>Source Files</Filter>
    </ClCompile>
    <ClCompile Include="E:\DATA\SRC\saba\gtests\Base.Singleton.test.cpp">
      <Filter>Source Files</Filter>
    </ClCompile>
    <ClCompile Include="E:\DATA\SRC\saba\gtests\Base.UnicodeUtil.test.cpp">
      <Filter>Source Files</Filter>
    </ClCompile>
    <ClCompile Include="E:\DATA\SRC\saba\gtests\Viewer.ViewerCommand.test.cpp">
      <Filter>Source Files</Filter>
    </ClCompile>
    <ClCompile Include="E:\DATA\SRC\saba\gtests\main.cpp">
      <Filter>Source Files</Filter>
    </ClCompile>
  </ItemGroup>
  <ItemGroup>
    <CustomBuild Include="E:\DATA\SRC\saba\gtests\CMakeLists.txt" />
  </ItemGroup>
  <ItemGroup>
    <Filter Include="Source Files">
      <UniqueIdentifier>{BE5E5BC3-1565-36D6-A5DF-B07366587F9B}</UniqueIdentifier>
    </Filter>
  </ItemGroup>
</Project>
